
Microsoft Visual Studio Solution File, Format Version 12.00
# Visual Studio 15
VisualStudioVersion = 15.0.26124.0
MinimumVisualStudioVersion = 15.0.26124.0
Project("{9A19103F-16F7-4668-BE54-9A1E7A4F7556}") = "AdventOfCode", "AdventOfCode\AdventOfCode.csproj", "{92EDE5F4-5F5F-4B2E-A125-A20DC8BCE860}"
EndProject
Project("{9A19103F-16F7-4668-BE54-9A1E7A4F7556}") = "AdventOfCodeLibrary", "AdventOfCodeLibrary\AdventOfCodeLibrary.csproj", "{58A2D515-8FB5-4D22-8194-7D95B818139E}"
EndProject
Project("{9A19103F-16F7-4668-BE54-9A1E7A4F7556}") = "DayCreator", "DayCreator\DayCreator.csproj", "{2D7D01F3-6E28-4D30-8779-747C5EE29675}"
EndProject
Project("{2150E333-8FDC-42A3-9474-1A3956D46DE8}") = "days", "days", "{522473F8-2A1E-4EDE-97CC-DF035CD41F03}"
EndProject
Project("{9A19103F-16F7-4668-BE54-9A1E7A4F7556}") = "Template", "days\Template\Template.csproj", "{6AA3C039-9646-4797-A0A4-4C39C616660E}"
EndProject
Project("{FAE04EC0-301F-11D3-BF4B-00C04F79EFBC}") = "Day0", "days\Day0\Day0.csproj", "{DB14C8A1-6D94-4D1B-9FD8-5087BCD82124}"
EndProject
Project("{FAE04EC0-301F-11D3-BF4B-00C04F79EFBC}") = "Day1", "days\Day1\Day1.csproj", "{1C898822-E1BD-46E0-B62A-C9CB76C8CC77}"
EndProject
Project("{FAE04EC0-301F-11D3-BF4B-00C04F79EFBC}") = "Day2", "days\Day2\Day2.csproj", "{827467F8-DC75-4CD7-95A2-6A801200732B}"
EndProject
Project("{FAE04EC0-301F-11D3-BF4B-00C04F79EFBC}") = "Day3", "days\Day3\Day3.csproj", "{462CD362-CB0D-417E-9F0C-7479392CF996}"
EndProject
Project("{FAE04EC0-301F-11D3-BF4B-00C04F79EFBC}") = "Day4", "days\Day4\Day4.csproj", "{5D3AD594-1475-4DE7-9B44-65A5FCC586ED}"
EndProject
Global
	GlobalSection(SolutionConfigurationPlatforms) = preSolution
		Debug|Any CPU = Debug|Any CPU
		Debug|x64 = Debug|x64
		Debug|x86 = Debug|x86
		Release|Any CPU = Release|Any CPU
		Release|x64 = Release|x64
		Release|x86 = Release|x86
	EndGlobalSection
	GlobalSection(ProjectConfigurationPlatforms) = postSolution
		{92EDE5F4-5F5F-4B2E-A125-A20DC8BCE860}.Debug|Any CPU.ActiveCfg = Debug|Any CPU
		{92EDE5F4-5F5F-4B2E-A125-A20DC8BCE860}.Debug|Any CPU.Build.0 = Debug|Any CPU
		{92EDE5F4-5F5F-4B2E-A125-A20DC8BCE860}.Debug|x64.ActiveCfg = Debug|Any CPU
		{92EDE5F4-5F5F-4B2E-A125-A20DC8BCE860}.Debug|x64.Build.0 = Debug|Any CPU
		{92EDE5F4-5F5F-4B2E-A125-A20DC8BCE860}.Debug|x86.ActiveCfg = Debug|Any CPU
		{92EDE5F4-5F5F-4B2E-A125-A20DC8BCE860}.Debug|x86.Build.0 = Debug|Any CPU
		{92EDE5F4-5F5F-4B2E-A125-A20DC8BCE860}.Release|Any CPU.ActiveCfg = Release|Any CPU
		{92EDE5F4-5F5F-4B2E-A125-A20DC8BCE860}.Release|Any CPU.Build.0 = Release|Any CPU
		{92EDE5F4-5F5F-4B2E-A125-A20DC8BCE860}.Release|x64.ActiveCfg = Release|Any CPU
		{92EDE5F4-5F5F-4B2E-A125-A20DC8BCE860}.Release|x64.Build.0 = Release|Any CPU
		{92EDE5F4-5F5F-4B2E-A125-A20DC8BCE860}.Release|x86.ActiveCfg = Release|Any CPU
		{92EDE5F4-5F5F-4B2E-A125-A20DC8BCE860}.Release|x86.Build.0 = Release|Any CPU
		{58A2D515-8FB5-4D22-8194-7D95B818139E}.Debug|Any CPU.ActiveCfg = Debug|Any CPU
		{58A2D515-8FB5-4D22-8194-7D95B818139E}.Debug|Any CPU.Build.0 = Debug|Any CPU
		{58A2D515-8FB5-4D22-8194-7D95B818139E}.Debug|x64.ActiveCfg = Debug|Any CPU
		{58A2D515-8FB5-4D22-8194-7D95B818139E}.Debug|x64.Build.0 = Debug|Any CPU
		{58A2D515-8FB5-4D22-8194-7D95B818139E}.Debug|x86.ActiveCfg = Debug|Any CPU
		{58A2D515-8FB5-4D22-8194-7D95B818139E}.Debug|x86.Build.0 = Debug|Any CPU
		{58A2D515-8FB5-4D22-8194-7D95B818139E}.Release|Any CPU.ActiveCfg = Release|Any CPU
		{58A2D515-8FB5-4D22-8194-7D95B818139E}.Release|Any CPU.Build.0 = Release|Any CPU
		{58A2D515-8FB5-4D22-8194-7D95B818139E}.Release|x64.ActiveCfg = Release|Any CPU
		{58A2D515-8FB5-4D22-8194-7D95B818139E}.Release|x64.Build.0 = Release|Any CPU
		{58A2D515-8FB5-4D22-8194-7D95B818139E}.Release|x86.ActiveCfg = Release|Any CPU
		{58A2D515-8FB5-4D22-8194-7D95B818139E}.Release|x86.Build.0 = Release|Any CPU
		{2D7D01F3-6E28-4D30-8779-747C5EE29675}.Debug|Any CPU.ActiveCfg = Debug|Any CPU
		{2D7D01F3-6E28-4D30-8779-747C5EE29675}.Debug|Any CPU.Build.0 = Debug|Any CPU
		{2D7D01F3-6E28-4D30-8779-747C5EE29675}.Debug|x64.ActiveCfg = Debug|Any CPU
		{2D7D01F3-6E28-4D30-8779-747C5EE29675}.Debug|x64.Build.0 = Debug|Any CPU
		{2D7D01F3-6E28-4D30-8779-747C5EE29675}.Debug|x86.ActiveCfg = Debug|Any CPU
		{2D7D01F3-6E28-4D30-8779-747C5EE29675}.Debug|x86.Build.0 = Debug|Any CPU
		{2D7D01F3-6E28-4D30-8779-747C5EE29675}.Release|Any CPU.ActiveCfg = Release|Any CPU
		{2D7D01F3-6E28-4D30-8779-747C5EE29675}.Release|Any CPU.Build.0 = Release|Any CPU
		{2D7D01F3-6E28-4D30-8779-747C5EE29675}.Release|x64.ActiveCfg = Release|Any CPU
		{2D7D01F3-6E28-4D30-8779-747C5EE29675}.Release|x64.Build.0 = Release|Any CPU
		{2D7D01F3-6E28-4D30-8779-747C5EE29675}.Release|x86.ActiveCfg = Release|Any CPU
		{2D7D01F3-6E28-4D30-8779-747C5EE29675}.Release|x86.Build.0 = Release|Any CPU
		{6AA3C039-9646-4797-A0A4-4C39C616660E}.Debug|Any CPU.ActiveCfg = Debug|Any CPU
		{6AA3C039-9646-4797-A0A4-4C39C616660E}.Debug|Any CPU.Build.0 = Debug|Any CPU
		{6AA3C039-9646-4797-A0A4-4C39C616660E}.Debug|x64.ActiveCfg = Debug|Any CPU
		{6AA3C039-9646-4797-A0A4-4C39C616660E}.Debug|x64.Build.0 = Debug|Any CPU
		{6AA3C039-9646-4797-A0A4-4C39C616660E}.Debug|x86.ActiveCfg = Debug|Any CPU
		{6AA3C039-9646-4797-A0A4-4C39C616660E}.Debug|x86.Build.0 = Debug|Any CPU
		{6AA3C039-9646-4797-A0A4-4C39C616660E}.Release|Any CPU.ActiveCfg = Release|Any CPU
		{6AA3C039-9646-4797-A0A4-4C39C616660E}.Release|Any CPU.Build.0 = Release|Any CPU
		{6AA3C039-9646-4797-A0A4-4C39C616660E}.Release|x64.ActiveCfg = Release|Any CPU
		{6AA3C039-9646-4797-A0A4-4C39C616660E}.Release|x64.Build.0 = Release|Any CPU
		{6AA3C039-9646-4797-A0A4-4C39C616660E}.Release|x86.ActiveCfg = Release|Any CPU
		{6AA3C039-9646-4797-A0A4-4C39C616660E}.Release|x86.Build.0 = Release|Any CPU
		{DB14C8A1-6D94-4D1B-9FD8-5087BCD82124}.Debug|Any CPU.ActiveCfg = Debug|Any CPU
		{DB14C8A1-6D94-4D1B-9FD8-5087BCD82124}.Debug|Any CPU.Build.0 = Debug|Any CPU
		{DB14C8A1-6D94-4D1B-9FD8-5087BCD82124}.Debug|x64.ActiveCfg = Debug|Any CPU
		{DB14C8A1-6D94-4D1B-9FD8-5087BCD82124}.Debug|x64.Build.0 = Debug|Any CPU
		{DB14C8A1-6D94-4D1B-9FD8-5087BCD82124}.Debug|x86.ActiveCfg = Debug|Any CPU
		{DB14C8A1-6D94-4D1B-9FD8-5087BCD82124}.Debug|x86.Build.0 = Debug|Any CPU
		{DB14C8A1-6D94-4D1B-9FD8-5087BCD82124}.Release|Any CPU.ActiveCfg = Release|Any CPU
		{DB14C8A1-6D94-4D1B-9FD8-5087BCD82124}.Release|Any CPU.Build.0 = Release|Any CPU
		{DB14C8A1-6D94-4D1B-9FD8-5087BCD82124}.Release|x64.ActiveCfg = Release|Any CPU
		{DB14C8A1-6D94-4D1B-9FD8-5087BCD82124}.Release|x64.Build.0 = Release|Any CPU
		{DB14C8A1-6D94-4D1B-9FD8-5087BCD82124}.Release|x86.ActiveCfg = Release|Any CPU
		{DB14C8A1-6D94-4D1B-9FD8-5087BCD82124}.Release|x86.Build.0 = Release|Any CPU
		{1C898822-E1BD-46E0-B62A-C9CB76C8CC77}.Debug|Any CPU.ActiveCfg = Debug|Any CPU
		{1C898822-E1BD-46E0-B62A-C9CB76C8CC77}.Debug|Any CPU.Build.0 = Debug|Any CPU
		{1C898822-E1BD-46E0-B62A-C9CB76C8CC77}.Debug|x64.ActiveCfg = Debug|Any CPU
		{1C898822-E1BD-46E0-B62A-C9CB76C8CC77}.Debug|x64.Build.0 = Debug|Any CPU
		{1C898822-E1BD-46E0-B62A-C9CB76C8CC77}.Debug|x86.ActiveCfg = Debug|Any CPU
		{1C898822-E1BD-46E0-B62A-C9CB76C8CC77}.Debug|x86.Build.0 = Debug|Any CPU
		{1C898822-E1BD-46E0-B62A-C9CB76C8CC77}.Release|Any CPU.ActiveCfg = Release|Any CPU
		{1C898822-E1BD-46E0-B62A-C9CB76C8CC77}.Release|Any CPU.Build.0 = Release|Any CPU
		{1C898822-E1BD-46E0-B62A-C9CB76C8CC77}.Release|x64.ActiveCfg = Release|Any CPU
		{1C898822-E1BD-46E0-B62A-C9CB76C8CC77}.Release|x64.Build.0 = Release|Any CPU
		{1C898822-E1BD-46E0-B62A-C9CB76C8CC77}.Release|x86.ActiveCfg = Release|Any CPU
		{1C898822-E1BD-46E0-B62A-C9CB76C8CC77}.Release|x86.Build.0 = Release|Any CPU
		{827467F8-DC75-4CD7-95A2-6A801200732B}.Debug|Any CPU.ActiveCfg = Debug|Any CPU
		{827467F8-DC75-4CD7-95A2-6A801200732B}.Debug|Any CPU.Build.0 = Debug|Any CPU
		{827467F8-DC75-4CD7-95A2-6A801200732B}.Debug|x64.ActiveCfg = Debug|Any CPU
		{827467F8-DC75-4CD7-95A2-6A801200732B}.Debug|x64.Build.0 = Debug|Any CPU
		{827467F8-DC75-4CD7-95A2-6A801200732B}.Debug|x86.ActiveCfg = Debug|Any CPU
		{827467F8-DC75-4CD7-95A2-6A801200732B}.Debug|x86.Build.0 = Debug|Any CPU
		{827467F8-DC75-4CD7-95A2-6A801200732B}.Release|Any CPU.ActiveCfg = Release|Any CPU
		{827467F8-DC75-4CD7-95A2-6A801200732B}.Release|Any CPU.Build.0 = Release|Any CPU
		{827467F8-DC75-4CD7-95A2-6A801200732B}.Release|x64.ActiveCfg = Release|Any CPU
		{827467F8-DC75-4CD7-95A2-6A801200732B}.Release|x64.Build.0 = Release|Any CPU
		{827467F8-DC75-4CD7-95A2-6A801200732B}.Release|x86.ActiveCfg = Release|Any CPU
		{827467F8-DC75-4CD7-95A2-6A801200732B}.Release|x86.Build.0 = Release|Any CPU
		{462CD362-CB0D-417E-9F0C-7479392CF996}.Debug|Any CPU.ActiveCfg = Debug|Any CPU
		{462CD362-CB0D-417E-9F0C-7479392CF996}.Debug|Any CPU.Build.0 = Debug|Any CPU
		{462CD362-CB0D-417E-9F0C-7479392CF996}.Debug|x64.ActiveCfg = Debug|Any CPU
		{462CD362-CB0D-417E-9F0C-7479392CF996}.Debug|x64.Build.0 = Debug|Any CPU
		{462CD362-CB0D-417E-9F0C-7479392CF996}.Debug|x86.ActiveCfg = Debug|Any CPU
		{462CD362-CB0D-417E-9F0C-7479392CF996}.Debug|x86.Build.0 = Debug|Any CPU
		{462CD362-CB0D-417E-9F0C-7479392CF996}.Release|Any CPU.ActiveCfg = Release|Any CPU
		{462CD362-CB0D-417E-9F0C-7479392CF996}.Release|Any CPU.Build.0 = Release|Any CPU
		{462CD362-CB0D-417E-9F0C-7479392CF996}.Release|x64.ActiveCfg = Release|Any CPU
		{462CD362-CB0D-417E-9F0C-7479392CF996}.Release|x64.Build.0 = Release|Any CPU
		{462CD362-CB0D-417E-9F0C-7479392CF996}.Release|x86.ActiveCfg = Release|Any CPU
		{462CD362-CB0D-417E-9F0C-7479392CF996}.Release|x86.Build.0 = Release|Any CPU
		{5D3AD594-1475-4DE7-9B44-65A5FCC586ED}.Debug|Any CPU.ActiveCfg = Debug|Any CPU
		{5D3AD594-1475-4DE7-9B44-65A5FCC586ED}.Debug|Any CPU.Build.0 = Debug|Any CPU
		{5D3AD594-1475-4DE7-9B44-65A5FCC586ED}.Debug|x64.ActiveCfg = Debug|Any CPU
		{5D3AD594-1475-4DE7-9B44-65A5FCC586ED}.Debug|x64.Build.0 = Debug|Any CPU
		{5D3AD594-1475-4DE7-9B44-65A5FCC586ED}.Debug|x86.ActiveCfg = Debug|Any CPU
		{5D3AD594-1475-4DE7-9B44-65A5FCC586ED}.Debug|x86.Build.0 = Debug|Any CPU
		{5D3AD594-1475-4DE7-9B44-65A5FCC586ED}.Release|Any CPU.ActiveCfg = Release|Any CPU
		{5D3AD594-1475-4DE7-9B44-65A5FCC586ED}.Release|Any CPU.Build.0 = Release|Any CPU
		{5D3AD594-1475-4DE7-9B44-65A5FCC586ED}.Release|x64.ActiveCfg = Release|Any CPU
		{5D3AD594-1475-4DE7-9B44-65A5FCC586ED}.Release|x64.Build.0 = Release|Any CPU
		{5D3AD594-1475-4DE7-9B44-65A5FCC586ED}.Release|x86.ActiveCfg = Release|Any CPU
		{5D3AD594-1475-4DE7-9B44-65A5FCC586ED}.Release|x86.Build.0 = Release|Any CPU
	EndGlobalSection
	GlobalSection(SolutionProperties) = preSolution
		HideSolutionNode = FALSE
	EndGlobalSection
	GlobalSection(NestedProjects) = preSolution
		{6AA3C039-9646-4797-A0A4-4C39C616660E} = {522473F8-2A1E-4EDE-97CC-DF035CD41F03}
		{DB14C8A1-6D94-4D1B-9FD8-5087BCD82124} = {522473F8-2A1E-4EDE-97CC-DF035CD41F03}
		{1C898822-E1BD-46E0-B62A-C9CB76C8CC77} = {522473F8-2A1E-4EDE-97CC-DF035CD41F03}
		{827467F8-DC75-4CD7-95A2-6A801200732B} = {522473F8-2A1E-4EDE-97CC-DF035CD41F03}
		{462CD362-CB0D-417E-9F0C-7479392CF996} = {522473F8-2A1E-4EDE-97CC-DF035CD41F03}
		{5D3AD594-1475-4DE7-9B44-65A5FCC586ED} = {522473F8-2A1E-4EDE-97CC-DF035CD41F03}
	EndGlobalSection
	GlobalSection(ExtensibilityGlobals) = postSolution
		SolutionGuid = {A3952DE9-B9C2-44B6-844F-CFBABB1CD990}
	EndGlobalSection
EndGlobal
