
Microsoft Visual Studio Solution File, Format Version 12.00
# Visual Studio 15
VisualStudioVersion = 15.0.26124.0
MinimumVisualStudioVersion = 15.0.26124.0
Project("{9A19103F-16F7-4668-BE54-9A1E7A4F7556}") = "AdventOfCode", "AdventOfCode\AdventOfCode.csproj", "{92EDE5F4-5F5F-4B2E-A125-A20DC8BCE860}"
EndProject
Project("{FAE04EC0-301F-11D3-BF4B-00C04F79EFBC}") = "AdventOfCodeLibrary", "AdventOfCodeLibrary\AdventOfCodeLibrary.csproj", "{58A2D515-8FB5-4D22-8194-7D95B818139E}"
EndProject
Project("{FAE04EC0-301F-11D3-BF4B-00C04F79EFBC}") = "TestDay", "TestDay\TestDay.csproj", "{87EF5965-6A21-4324-A4DA-369BDE54E2EE}"
EndProject
Global
	GlobalSection(SolutionConfigurationPlatforms) = preSolution
		Debug|Any CPU = Debug|Any CPU
		Debug|x64 = Debug|x64
		Debug|x86 = Debug|x86
		Release|Any CPU = Release|Any CPU
		Release|x64 = Release|x64
		Release|x86 = Release|x86
	EndGlobalSection
	GlobalSection(ProjectConfigurationPlatforms) = postSolution
		{92EDE5F4-5F5F-4B2E-A125-A20DC8BCE860}.Debug|Any CPU.ActiveCfg = Debug|Any CPU
		{92EDE5F4-5F5F-4B2E-A125-A20DC8BCE860}.Debug|Any CPU.Build.0 = Debug|Any CPU
		{92EDE5F4-5F5F-4B2E-A125-A20DC8BCE860}.Debug|x64.ActiveCfg = Debug|Any CPU
		{92EDE5F4-5F5F-4B2E-A125-A20DC8BCE860}.Debug|x64.Build.0 = Debug|Any CPU
		{92EDE5F4-5F5F-4B2E-A125-A20DC8BCE860}.Debug|x86.ActiveCfg = Debug|Any CPU
		{92EDE5F4-5F5F-4B2E-A125-A20DC8BCE860}.Debug|x86.Build.0 = Debug|Any CPU
		{92EDE5F4-5F5F-4B2E-A125-A20DC8BCE860}.Release|Any CPU.ActiveCfg = Release|Any CPU
		{92EDE5F4-5F5F-4B2E-A125-A20DC8BCE860}.Release|Any CPU.Build.0 = Release|Any CPU
		{92EDE5F4-5F5F-4B2E-A125-A20DC8BCE860}.Release|x64.ActiveCfg = Release|Any CPU
		{92EDE5F4-5F5F-4B2E-A125-A20DC8BCE860}.Release|x64.Build.0 = Release|Any CPU
		{92EDE5F4-5F5F-4B2E-A125-A20DC8BCE860}.Release|x86.ActiveCfg = Release|Any CPU
		{92EDE5F4-5F5F-4B2E-A125-A20DC8BCE860}.Release|x86.Build.0 = Release|Any CPU
		{58A2D515-8FB5-4D22-8194-7D95B818139E}.Debug|Any CPU.ActiveCfg = Debug|Any CPU
		{58A2D515-8FB5-4D22-8194-7D95B818139E}.Debug|Any CPU.Build.0 = Debug|Any CPU
		{58A2D515-8FB5-4D22-8194-7D95B818139E}.Debug|x64.ActiveCfg = Debug|Any CPU
		{58A2D515-8FB5-4D22-8194-7D95B818139E}.Debug|x64.Build.0 = Debug|Any CPU
		{58A2D515-8FB5-4D22-8194-7D95B818139E}.Debug|x86.ActiveCfg = Debug|Any CPU
		{58A2D515-8FB5-4D22-8194-7D95B818139E}.Debug|x86.Build.0 = Debug|Any CPU
		{58A2D515-8FB5-4D22-8194-7D95B818139E}.Release|Any CPU.ActiveCfg = Release|Any CPU
		{58A2D515-8FB5-4D22-8194-7D95B818139E}.Release|Any CPU.Build.0 = Release|Any CPU
		{58A2D515-8FB5-4D22-8194-7D95B818139E}.Release|x64.ActiveCfg = Release|Any CPU
		{58A2D515-8FB5-4D22-8194-7D95B818139E}.Release|x64.Build.0 = Release|Any CPU
		{58A2D515-8FB5-4D22-8194-7D95B818139E}.Release|x86.ActiveCfg = Release|Any CPU
		{58A2D515-8FB5-4D22-8194-7D95B818139E}.Release|x86.Build.0 = Release|Any CPU
		{87EF5965-6A21-4324-A4DA-369BDE54E2EE}.Debug|Any CPU.ActiveCfg = Debug|Any CPU
		{87EF5965-6A21-4324-A4DA-369BDE54E2EE}.Debug|Any CPU.Build.0 = Debug|Any CPU
		{87EF5965-6A21-4324-A4DA-369BDE54E2EE}.Debug|x64.ActiveCfg = Debug|Any CPU
		{87EF5965-6A21-4324-A4DA-369BDE54E2EE}.Debug|x64.Build.0 = Debug|Any CPU
		{87EF5965-6A21-4324-A4DA-369BDE54E2EE}.Debug|x86.ActiveCfg = Debug|Any CPU
		{87EF5965-6A21-4324-A4DA-369BDE54E2EE}.Debug|x86.Build.0 = Debug|Any CPU
		{87EF5965-6A21-4324-A4DA-369BDE54E2EE}.Release|Any CPU.ActiveCfg = Release|Any CPU
		{87EF5965-6A21-4324-A4DA-369BDE54E2EE}.Release|Any CPU.Build.0 = Release|Any CPU
		{87EF5965-6A21-4324-A4DA-369BDE54E2EE}.Release|x64.ActiveCfg = Release|Any CPU
		{87EF5965-6A21-4324-A4DA-369BDE54E2EE}.Release|x64.Build.0 = Release|Any CPU
		{87EF5965-6A21-4324-A4DA-369BDE54E2EE}.Release|x86.ActiveCfg = Release|Any CPU
		{87EF5965-6A21-4324-A4DA-369BDE54E2EE}.Release|x86.Build.0 = Release|Any CPU
	EndGlobalSection
	GlobalSection(SolutionProperties) = preSolution
		HideSolutionNode = FALSE
	EndGlobalSection
	GlobalSection(ExtensibilityGlobals) = postSolution
		SolutionGuid = {A3952DE9-B9C2-44B6-844F-CFBABB1CD990}
	EndGlobalSection
EndGlobal
