
Microsoft Visual Studio Solution File, Format Version 12.00
# Visual Studio 2013
VisualStudioVersion = 12.0.0.0
MinimumVisualStudioVersion = 10.0.0.1
Project("{FAE04EC0-301F-11D3-BF4B-00C04F79EFBC}") = "AdventOfCode", "AdventOfCode\AdventOfCode.csproj", "{085BDB93-D87A-44AA-95ED-700A919D88BD}"
EndProject
Project("{FAE04EC0-301F-11D3-BF4B-00C04F79EFBC}") = "Day1", "Day1\Day1.csproj", "{4A122B37-36D0-44BD-A65A-D775DCABF6D7}"
EndProject
Project("{FAE04EC0-301F-11D3-BF4B-00C04F79EFBC}") = "Day2", "Day2\Day2.csproj", "{74CD3424-D02C-41FF-BED7-AB85CDCBFC05}"
EndProject
Project("{FAE04EC0-301F-11D3-BF4B-00C04F79EFBC}") = "Day3", "Day3\Day3.csproj", "{45BC8164-FBDF-4D90-99D7-3E1D3BD130DB}"
EndProject
Project("{FAE04EC0-301F-11D3-BF4B-00C04F79EFBC}") = "Day4", "Day4\Day4.csproj", "{EB1300F1-7B19-4B02-85EA-B79008F43C4E}"
EndProject
Project("{FAE04EC0-301F-11D3-BF4B-00C04F79EFBC}") = "Day5", "Day5\Day5.csproj", "{F7554A9B-988F-46D1-8025-C97C47F78D92}"
EndProject
Project("{FAE04EC0-301F-11D3-BF4B-00C04F79EFBC}") = "Day6", "Day6\Day6.csproj", "{903618B8-8E44-4467-AFE3-E50B751CE15B}"
EndProject
Project("{FAE04EC0-301F-11D3-BF4B-00C04F79EFBC}") = "Utils", "Utils\Utils.csproj", "{DBC587DD-19A1-40D8-9780-76B1188EF578}"
EndProject
Project("{FAE04EC0-301F-11D3-BF4B-00C04F79EFBC}") = "Day7", "Day7\Day7.csproj", "{4B199059-5D39-4BFB-8E47-D4E6417C9447}"
EndProject
Project("{FAE04EC0-301F-11D3-BF4B-00C04F79EFBC}") = "Day8", "Day8\Day8.csproj", "{112754E7-3225-4611-B062-2095A873B8BE}"
EndProject
Project("{FAE04EC0-301F-11D3-BF4B-00C04F79EFBC}") = "Day9", "Day9\Day9.csproj", "{B8CA4773-AD3E-49ED-8689-14553F71F135}"
EndProject
Project("{FAE04EC0-301F-11D3-BF4B-00C04F79EFBC}") = "Day10", "Day10\Day10.csproj", "{4BFFA931-FEAC-41BB-97A9-E9EEC9060A2F}"
EndProject
Project("{FAE04EC0-301F-11D3-BF4B-00C04F79EFBC}") = "Day11", "Day11\Day11.csproj", "{CDB2D541-4D3C-42FF-BF1C-EB5AF09DEFE9}"
EndProject
Project("{FAE04EC0-301F-11D3-BF4B-00C04F79EFBC}") = "Day12", "Day12\Day12.csproj", "{FA2DD0B1-E18C-4EC6-A897-27983B2BFBAB}"
EndProject
Project("{FAE04EC0-301F-11D3-BF4B-00C04F79EFBC}") = "Day13", "Day13\Day13.csproj", "{D36DC556-9ED5-40B9-9644-EA4783D0F2AF}"
EndProject
Project("{FAE04EC0-301F-11D3-BF4B-00C04F79EFBC}") = "Day14", "Day14\Day14.csproj", "{67090FAC-C5B5-4FF5-B2FF-5500F66AD35A}"
EndProject
Global
	GlobalSection(SolutionConfigurationPlatforms) = preSolution
		Debug|Any CPU = Debug|Any CPU
		Release|Any CPU = Release|Any CPU
		Debug|x64 = Debug|x64
		Debug|x86 = Debug|x86
		Release|x64 = Release|x64
		Release|x86 = Release|x86
	EndGlobalSection
	GlobalSection(ProjectConfigurationPlatforms) = postSolution
		{085BDB93-D87A-44AA-95ED-700A919D88BD}.Debug|Any CPU.ActiveCfg = Debug|Any CPU
		{085BDB93-D87A-44AA-95ED-700A919D88BD}.Debug|Any CPU.Build.0 = Debug|Any CPU
		{085BDB93-D87A-44AA-95ED-700A919D88BD}.Release|Any CPU.ActiveCfg = Release|Any CPU
		{085BDB93-D87A-44AA-95ED-700A919D88BD}.Release|Any CPU.Build.0 = Release|Any CPU
		{4A122B37-36D0-44BD-A65A-D775DCABF6D7}.Debug|Any CPU.ActiveCfg = Debug|Any CPU
		{4A122B37-36D0-44BD-A65A-D775DCABF6D7}.Debug|Any CPU.Build.0 = Debug|Any CPU
		{4A122B37-36D0-44BD-A65A-D775DCABF6D7}.Release|Any CPU.ActiveCfg = Release|Any CPU
		{4A122B37-36D0-44BD-A65A-D775DCABF6D7}.Release|Any CPU.Build.0 = Release|Any CPU
		{74CD3424-D02C-41FF-BED7-AB85CDCBFC05}.Debug|Any CPU.ActiveCfg = Debug|Any CPU
		{74CD3424-D02C-41FF-BED7-AB85CDCBFC05}.Debug|Any CPU.Build.0 = Debug|Any CPU
		{74CD3424-D02C-41FF-BED7-AB85CDCBFC05}.Release|Any CPU.ActiveCfg = Release|Any CPU
		{74CD3424-D02C-41FF-BED7-AB85CDCBFC05}.Release|Any CPU.Build.0 = Release|Any CPU
		{45BC8164-FBDF-4D90-99D7-3E1D3BD130DB}.Debug|Any CPU.ActiveCfg = Debug|Any CPU
		{45BC8164-FBDF-4D90-99D7-3E1D3BD130DB}.Debug|Any CPU.Build.0 = Debug|Any CPU
		{45BC8164-FBDF-4D90-99D7-3E1D3BD130DB}.Release|Any CPU.ActiveCfg = Release|Any CPU
		{45BC8164-FBDF-4D90-99D7-3E1D3BD130DB}.Release|Any CPU.Build.0 = Release|Any CPU
		{EB1300F1-7B19-4B02-85EA-B79008F43C4E}.Debug|Any CPU.ActiveCfg = Debug|Any CPU
		{EB1300F1-7B19-4B02-85EA-B79008F43C4E}.Debug|Any CPU.Build.0 = Debug|Any CPU
		{EB1300F1-7B19-4B02-85EA-B79008F43C4E}.Release|Any CPU.ActiveCfg = Release|Any CPU
		{EB1300F1-7B19-4B02-85EA-B79008F43C4E}.Release|Any CPU.Build.0 = Release|Any CPU
		{F7554A9B-988F-46D1-8025-C97C47F78D92}.Debug|Any CPU.ActiveCfg = Debug|Any CPU
		{F7554A9B-988F-46D1-8025-C97C47F78D92}.Debug|Any CPU.Build.0 = Debug|Any CPU
		{F7554A9B-988F-46D1-8025-C97C47F78D92}.Release|Any CPU.ActiveCfg = Release|Any CPU
		{F7554A9B-988F-46D1-8025-C97C47F78D92}.Release|Any CPU.Build.0 = Release|Any CPU
		{903618B8-8E44-4467-AFE3-E50B751CE15B}.Debug|Any CPU.ActiveCfg = Debug|Any CPU
		{903618B8-8E44-4467-AFE3-E50B751CE15B}.Debug|Any CPU.Build.0 = Debug|Any CPU
		{903618B8-8E44-4467-AFE3-E50B751CE15B}.Release|Any CPU.ActiveCfg = Release|Any CPU
		{903618B8-8E44-4467-AFE3-E50B751CE15B}.Release|Any CPU.Build.0 = Release|Any CPU
		{DBC587DD-19A1-40D8-9780-76B1188EF578}.Debug|Any CPU.ActiveCfg = Debug|Any CPU
		{DBC587DD-19A1-40D8-9780-76B1188EF578}.Debug|Any CPU.Build.0 = Debug|Any CPU
		{DBC587DD-19A1-40D8-9780-76B1188EF578}.Release|Any CPU.ActiveCfg = Release|Any CPU
		{DBC587DD-19A1-40D8-9780-76B1188EF578}.Release|Any CPU.Build.0 = Release|Any CPU
		{4B199059-5D39-4BFB-8E47-D4E6417C9447}.Debug|Any CPU.ActiveCfg = Debug|Any CPU
		{4B199059-5D39-4BFB-8E47-D4E6417C9447}.Debug|Any CPU.Build.0 = Debug|Any CPU
		{4B199059-5D39-4BFB-8E47-D4E6417C9447}.Release|Any CPU.ActiveCfg = Release|Any CPU
		{4B199059-5D39-4BFB-8E47-D4E6417C9447}.Release|Any CPU.Build.0 = Release|Any CPU
		{112754E7-3225-4611-B062-2095A873B8BE}.Debug|Any CPU.ActiveCfg = Debug|Any CPU
		{112754E7-3225-4611-B062-2095A873B8BE}.Debug|Any CPU.Build.0 = Debug|Any CPU
		{112754E7-3225-4611-B062-2095A873B8BE}.Release|Any CPU.ActiveCfg = Release|Any CPU
		{112754E7-3225-4611-B062-2095A873B8BE}.Release|Any CPU.Build.0 = Release|Any CPU
		{B8CA4773-AD3E-49ED-8689-14553F71F135}.Debug|Any CPU.ActiveCfg = Debug|Any CPU
		{B8CA4773-AD3E-49ED-8689-14553F71F135}.Debug|Any CPU.Build.0 = Debug|Any CPU
		{B8CA4773-AD3E-49ED-8689-14553F71F135}.Release|Any CPU.ActiveCfg = Release|Any CPU
		{B8CA4773-AD3E-49ED-8689-14553F71F135}.Release|Any CPU.Build.0 = Release|Any CPU
		{4BFFA931-FEAC-41BB-97A9-E9EEC9060A2F}.Debug|Any CPU.ActiveCfg = Debug|Any CPU
		{4BFFA931-FEAC-41BB-97A9-E9EEC9060A2F}.Debug|Any CPU.Build.0 = Debug|Any CPU
		{4BFFA931-FEAC-41BB-97A9-E9EEC9060A2F}.Release|Any CPU.ActiveCfg = Release|Any CPU
		{4BFFA931-FEAC-41BB-97A9-E9EEC9060A2F}.Release|Any CPU.Build.0 = Release|Any CPU
		{CDB2D541-4D3C-42FF-BF1C-EB5AF09DEFE9}.Debug|Any CPU.ActiveCfg = Debug|Any CPU
		{CDB2D541-4D3C-42FF-BF1C-EB5AF09DEFE9}.Debug|Any CPU.Build.0 = Debug|Any CPU
		{CDB2D541-4D3C-42FF-BF1C-EB5AF09DEFE9}.Debug|x64.ActiveCfg = Debug|x64
		{CDB2D541-4D3C-42FF-BF1C-EB5AF09DEFE9}.Debug|x64.Build.0 = Debug|x64
		{CDB2D541-4D3C-42FF-BF1C-EB5AF09DEFE9}.Debug|x86.ActiveCfg = Debug|x86
		{CDB2D541-4D3C-42FF-BF1C-EB5AF09DEFE9}.Debug|x86.Build.0 = Debug|x86
		{CDB2D541-4D3C-42FF-BF1C-EB5AF09DEFE9}.Release|Any CPU.ActiveCfg = Release|Any CPU
		{CDB2D541-4D3C-42FF-BF1C-EB5AF09DEFE9}.Release|Any CPU.Build.0 = Release|Any CPU
		{CDB2D541-4D3C-42FF-BF1C-EB5AF09DEFE9}.Release|x64.ActiveCfg = Release|x64
		{CDB2D541-4D3C-42FF-BF1C-EB5AF09DEFE9}.Release|x64.Build.0 = Release|x64
		{CDB2D541-4D3C-42FF-BF1C-EB5AF09DEFE9}.Release|x86.ActiveCfg = Release|x86
		{CDB2D541-4D3C-42FF-BF1C-EB5AF09DEFE9}.Release|x86.Build.0 = Release|x86
		{FA2DD0B1-E18C-4EC6-A897-27983B2BFBAB}.Debug|Any CPU.ActiveCfg = Debug|Any CPU
		{FA2DD0B1-E18C-4EC6-A897-27983B2BFBAB}.Debug|Any CPU.Build.0 = Debug|Any CPU
		{FA2DD0B1-E18C-4EC6-A897-27983B2BFBAB}.Debug|x64.ActiveCfg = Debug|x64
		{FA2DD0B1-E18C-4EC6-A897-27983B2BFBAB}.Debug|x64.Build.0 = Debug|x64
		{FA2DD0B1-E18C-4EC6-A897-27983B2BFBAB}.Debug|x86.ActiveCfg = Debug|x86
		{FA2DD0B1-E18C-4EC6-A897-27983B2BFBAB}.Debug|x86.Build.0 = Debug|x86
		{FA2DD0B1-E18C-4EC6-A897-27983B2BFBAB}.Release|Any CPU.ActiveCfg = Release|Any CPU
		{FA2DD0B1-E18C-4EC6-A897-27983B2BFBAB}.Release|Any CPU.Build.0 = Release|Any CPU
		{FA2DD0B1-E18C-4EC6-A897-27983B2BFBAB}.Release|x64.ActiveCfg = Release|x64
		{FA2DD0B1-E18C-4EC6-A897-27983B2BFBAB}.Release|x64.Build.0 = Release|x64
		{FA2DD0B1-E18C-4EC6-A897-27983B2BFBAB}.Release|x86.ActiveCfg = Release|x86
		{FA2DD0B1-E18C-4EC6-A897-27983B2BFBAB}.Release|x86.Build.0 = Release|x86
		{D36DC556-9ED5-40B9-9644-EA4783D0F2AF}.Debug|Any CPU.ActiveCfg = Debug|Any CPU
		{D36DC556-9ED5-40B9-9644-EA4783D0F2AF}.Debug|Any CPU.Build.0 = Debug|Any CPU
		{D36DC556-9ED5-40B9-9644-EA4783D0F2AF}.Debug|x64.ActiveCfg = Debug|x64
		{D36DC556-9ED5-40B9-9644-EA4783D0F2AF}.Debug|x64.Build.0 = Debug|x64
		{D36DC556-9ED5-40B9-9644-EA4783D0F2AF}.Debug|x86.ActiveCfg = Debug|x86
		{D36DC556-9ED5-40B9-9644-EA4783D0F2AF}.Debug|x86.Build.0 = Debug|x86
		{D36DC556-9ED5-40B9-9644-EA4783D0F2AF}.Release|Any CPU.ActiveCfg = Release|Any CPU
		{D36DC556-9ED5-40B9-9644-EA4783D0F2AF}.Release|Any CPU.Build.0 = Release|Any CPU
		{D36DC556-9ED5-40B9-9644-EA4783D0F2AF}.Release|x64.ActiveCfg = Release|x64
		{D36DC556-9ED5-40B9-9644-EA4783D0F2AF}.Release|x64.Build.0 = Release|x64
		{D36DC556-9ED5-40B9-9644-EA4783D0F2AF}.Release|x86.ActiveCfg = Release|x86
		{D36DC556-9ED5-40B9-9644-EA4783D0F2AF}.Release|x86.Build.0 = Release|x86
		{67090FAC-C5B5-4FF5-B2FF-5500F66AD35A}.Debug|Any CPU.ActiveCfg = Debug|Any CPU
		{67090FAC-C5B5-4FF5-B2FF-5500F66AD35A}.Debug|Any CPU.Build.0 = Debug|Any CPU
		{67090FAC-C5B5-4FF5-B2FF-5500F66AD35A}.Debug|x64.ActiveCfg = Debug|x64
		{67090FAC-C5B5-4FF5-B2FF-5500F66AD35A}.Debug|x64.Build.0 = Debug|x64
		{67090FAC-C5B5-4FF5-B2FF-5500F66AD35A}.Debug|x86.ActiveCfg = Debug|x86
		{67090FAC-C5B5-4FF5-B2FF-5500F66AD35A}.Debug|x86.Build.0 = Debug|x86
		{67090FAC-C5B5-4FF5-B2FF-5500F66AD35A}.Release|Any CPU.ActiveCfg = Release|Any CPU
		{67090FAC-C5B5-4FF5-B2FF-5500F66AD35A}.Release|Any CPU.Build.0 = Release|Any CPU
		{67090FAC-C5B5-4FF5-B2FF-5500F66AD35A}.Release|x64.ActiveCfg = Release|x64
		{67090FAC-C5B5-4FF5-B2FF-5500F66AD35A}.Release|x64.Build.0 = Release|x64
		{67090FAC-C5B5-4FF5-B2FF-5500F66AD35A}.Release|x86.ActiveCfg = Release|x86
		{67090FAC-C5B5-4FF5-B2FF-5500F66AD35A}.Release|x86.Build.0 = Release|x86
	EndGlobalSection
	GlobalSection(SolutionProperties) = preSolution
		HideSolutionNode = FALSE
	EndGlobalSection
EndGlobal
